// !$*UTF8*$!
{
	archiveVersion = 1;
	classes = {
	};
	objectVersion = 46;
	objects = {

/* Begin PBXBuildFile section */
		C02861F216696BB0005BA72D /* ProtocolTests.m in Sources */ = {isa = PBXBuildFile; fileRef = C02861F116696BB0005BA72D /* ProtocolTests.m */; };
		C02861F616696CF8005BA72D /* CapitalizedTranslateService.m in Sources */ = {isa = PBXBuildFile; fileRef = C02861F516696CF8005BA72D /* CapitalizedTranslateService.m */; };
		C02861F716696CF8005BA72D /* CapitalizedTranslateService.m in Sources */ = {isa = PBXBuildFile; fileRef = C02861F516696CF8005BA72D /* CapitalizedTranslateService.m */; };
		C02861FA16696E17005BA72D /* LowcaseTranslateService.m in Sources */ = {isa = PBXBuildFile; fileRef = C02861F916696E17005BA72D /* LowcaseTranslateService.m */; };
		C02861FB16696E17005BA72D /* LowcaseTranslateService.m in Sources */ = {isa = PBXBuildFile; fileRef = C02861F916696E17005BA72D /* LowcaseTranslateService.m */; };
		C02861FF16696EB7005BA72D /* TranslateServiceTests.m in Sources */ = {isa = PBXBuildFile; fileRef = C02861FE16696EB7005BA72D /* TranslateServiceTests.m */; };
		C02BCE4B16654DD400CEFA4C /* TRWeeklyAdsParser.m in Sources */ = {isa = PBXBuildFile; fileRef = C02BCE4A16654DD400CEFA4C /* TRWeeklyAdsParser.m */; };
		C02BCE4C16654DD400CEFA4C /* TRWeeklyAdsParser.m in Sources */ = {isa = PBXBuildFile; fileRef = C02BCE4A16654DD400CEFA4C /* TRWeeklyAdsParser.m */; };
		C02BCE4F16654E0C00CEFA4C /* TROffer.m in Sources */ = {isa = PBXBuildFile; fileRef = C02BCE4E16654E0C00CEFA4C /* TROffer.m */; };
		C02BCE5016654E0C00CEFA4C /* TROffer.m in Sources */ = {isa = PBXBuildFile; fileRef = C02BCE4E16654E0C00CEFA4C /* TROffer.m */; };
		C02BCE531665513500CEFA4C /* TRService.m in Sources */ = {isa = PBXBuildFile; fileRef = C02BCE521665513500CEFA4C /* TRService.m */; };
		C02BCE541665513500CEFA4C /* TRService.m in Sources */ = {isa = PBXBuildFile; fileRef = C02BCE521665513500CEFA4C /* TRService.m */; };
		C02F5DCF165ABD5300D74298 /* UIKit.framework in Frameworks */ = {isa = PBXBuildFile; fileRef = C02F5DCE165ABD5300D74298 /* UIKit.framework */; };
		C02F5DD1165ABD5300D74298 /* Foundation.framework in Frameworks */ = {isa = PBXBuildFile; fileRef = C02F5DD0165ABD5300D74298 /* Foundation.framework */; };
		C02F5DD3165ABD5300D74298 /* CoreGraphics.framework in Frameworks */ = {isa = PBXBuildFile; fileRef = C02F5DD2165ABD5300D74298 /* CoreGraphics.framework */; };
		C02F5DD9165ABD5300D74298 /* InfoPlist.strings in Resources */ = {isa = PBXBuildFile; fileRef = C02F5DD7165ABD5300D74298 /* InfoPlist.strings */; };
		C02F5DDB165ABD5300D74298 /* main.m in Sources */ = {isa = PBXBuildFile; fileRef = C02F5DDA165ABD5300D74298 /* main.m */; };
		C02F5DDF165ABD5300D74298 /* TRAppDelegate.m in Sources */ = {isa = PBXBuildFile; fileRef = C02F5DDE165ABD5300D74298 /* TRAppDelegate.m */; };
		C02F5DE1165ABD5300D74298 /* Default.png in Resources */ = {isa = PBXBuildFile; fileRef = C02F5DE0165ABD5300D74298 /* Default.png */; };
		C02F5DE3165ABD5300D74298 /* Default@2x.png in Resources */ = {isa = PBXBuildFile; fileRef = C02F5DE2165ABD5300D74298 /* Default@2x.png */; };
		C02F5DE5165ABD5300D74298 /* Default-568h@2x.png in Resources */ = {isa = PBXBuildFile; fileRef = C02F5DE4165ABD5300D74298 /* Default-568h@2x.png */; };
		C02F5DE8165ABD5300D74298 /* TRViewController.m in Sources */ = {isa = PBXBuildFile; fileRef = C02F5DE7165ABD5300D74298 /* TRViewController.m */; };
		C02F5DEB165ABD5300D74298 /* TRViewController.xib in Resources */ = {isa = PBXBuildFile; fileRef = C02F5DE9165ABD5300D74298 /* TRViewController.xib */; };
		C02F5DF3165ABD5300D74298 /* SenTestingKit.framework in Frameworks */ = {isa = PBXBuildFile; fileRef = C02F5DF2165ABD5300D74298 /* SenTestingKit.framework */; };
		C02F5DF4165ABD5300D74298 /* UIKit.framework in Frameworks */ = {isa = PBXBuildFile; fileRef = C02F5DCE165ABD5300D74298 /* UIKit.framework */; };
		C02F5DF5165ABD5300D74298 /* Foundation.framework in Frameworks */ = {isa = PBXBuildFile; fileRef = C02F5DD0165ABD5300D74298 /* Foundation.framework */; };
		C02F5DFD165ABD5300D74298 /* InfoPlist.strings in Resources */ = {isa = PBXBuildFile; fileRef = C02F5DFB165ABD5300D74298 /* InfoPlist.strings */; };
		C02F5E00165ABD5300D74298 /* TRUnitTestDemoTests.m in Sources */ = {isa = PBXBuildFile; fileRef = C02F5DFF165ABD5300D74298 /* TRUnitTestDemoTests.m */; };
		C02F5E11165ABDFF00D74298 /* README.md in Resources */ = {isa = PBXBuildFile; fileRef = C02F5E0A165ABDFF00D74298 /* README.md */; };
		C02F5E12165ABDFF00D74298 /* README.md in Resources */ = {isa = PBXBuildFile; fileRef = C02F5E0A165ABDFF00D74298 /* README.md */; };
		C02F5E13165ABDFF00D74298 /* RIButtonItem.m in Sources */ = {isa = PBXBuildFile; fileRef = C02F5E0C165ABDFF00D74298 /* RIButtonItem.m */; };
		C02F5E14165ABDFF00D74298 /* RIButtonItem.m in Sources */ = {isa = PBXBuildFile; fileRef = C02F5E0C165ABDFF00D74298 /* RIButtonItem.m */; };
		C02F5E15165ABDFF00D74298 /* UIActionSheet+Blocks.m in Sources */ = {isa = PBXBuildFile; fileRef = C02F5E0E165ABDFF00D74298 /* UIActionSheet+Blocks.m */; };
		C02F5E16165ABDFF00D74298 /* UIActionSheet+Blocks.m in Sources */ = {isa = PBXBuildFile; fileRef = C02F5E0E165ABDFF00D74298 /* UIActionSheet+Blocks.m */; };
		C02F5E17165ABDFF00D74298 /* UIAlertView+Blocks.m in Sources */ = {isa = PBXBuildFile; fileRef = C02F5E10165ABDFF00D74298 /* UIAlertView+Blocks.m */; };
		C02F5E18165ABDFF00D74298 /* UIAlertView+Blocks.m in Sources */ = {isa = PBXBuildFile; fileRef = C02F5E10165ABDFF00D74298 /* UIAlertView+Blocks.m */; };
		C02F5E31165ABE2500D74298 /* NSData+Base64.m in Sources */ = {isa = PBXBuildFile; fileRef = C02F5E1E165ABE2500D74298 /* NSData+Base64.m */; };
		C02F5E32165ABE2500D74298 /* NSData+Base64.m in Sources */ = {isa = PBXBuildFile; fileRef = C02F5E1E165ABE2500D74298 /* NSData+Base64.m */; };
		C02F5E33165ABE2500D74298 /* NSDate+RFC1123.m in Sources */ = {isa = PBXBuildFile; fileRef = C02F5E20165ABE2500D74298 /* NSDate+RFC1123.m */; };
		C02F5E34165ABE2500D74298 /* NSDate+RFC1123.m in Sources */ = {isa = PBXBuildFile; fileRef = C02F5E20165ABE2500D74298 /* NSDate+RFC1123.m */; };
		C02F5E35165ABE2500D74298 /* NSDictionary+RequestEncoding.m in Sources */ = {isa = PBXBuildFile; fileRef = C02F5E22165ABE2500D74298 /* NSDictionary+RequestEncoding.m */; };
		C02F5E36165ABE2500D74298 /* NSDictionary+RequestEncoding.m in Sources */ = {isa = PBXBuildFile; fileRef = C02F5E22165ABE2500D74298 /* NSDictionary+RequestEncoding.m */; };
		C02F5E37165ABE2500D74298 /* NSString+MKNetworkKitAdditions.m in Sources */ = {isa = PBXBuildFile; fileRef = C02F5E24165ABE2500D74298 /* NSString+MKNetworkKitAdditions.m */; };
		C02F5E38165ABE2500D74298 /* NSString+MKNetworkKitAdditions.m in Sources */ = {isa = PBXBuildFile; fileRef = C02F5E24165ABE2500D74298 /* NSString+MKNetworkKitAdditions.m */; };
		C02F5E39165ABE2500D74298 /* UIAlertView+MKNetworkKitAdditions.m in Sources */ = {isa = PBXBuildFile; fileRef = C02F5E26165ABE2500D74298 /* UIAlertView+MKNetworkKitAdditions.m */; };
		C02F5E3A165ABE2500D74298 /* UIAlertView+MKNetworkKitAdditions.m in Sources */ = {isa = PBXBuildFile; fileRef = C02F5E26165ABE2500D74298 /* UIAlertView+MKNetworkKitAdditions.m */; };
		C02F5E3B165ABE2500D74298 /* MKNetworkEngine.m in Sources */ = {isa = PBXBuildFile; fileRef = C02F5E28165ABE2500D74298 /* MKNetworkEngine.m */; };
		C02F5E3C165ABE2500D74298 /* MKNetworkEngine.m in Sources */ = {isa = PBXBuildFile; fileRef = C02F5E28165ABE2500D74298 /* MKNetworkEngine.m */; };
		C02F5E3D165ABE2500D74298 /* MKNetworkOperation.m in Sources */ = {isa = PBXBuildFile; fileRef = C02F5E2B165ABE2500D74298 /* MKNetworkOperation.m */; };
		C02F5E3E165ABE2500D74298 /* MKNetworkOperation.m in Sources */ = {isa = PBXBuildFile; fileRef = C02F5E2B165ABE2500D74298 /* MKNetworkOperation.m */; };
		C02F5E3F165ABE2500D74298 /* Reachability.m in Sources */ = {isa = PBXBuildFile; fileRef = C02F5E2E165ABE2500D74298 /* Reachability.m */; };
		C02F5E40165ABE2500D74298 /* Reachability.m in Sources */ = {isa = PBXBuildFile; fileRef = C02F5E2E165ABE2500D74298 /* Reachability.m */; };
		C02F5E42165ABED700D74298 /* Security.framework in Frameworks */ = {isa = PBXBuildFile; fileRef = C02F5E41165ABED700D74298 /* Security.framework */; };
		C02F5E44165ABEE100D74298 /* CFNetwork.framework in Frameworks */ = {isa = PBXBuildFile; fileRef = C02F5E43165ABEE100D74298 /* CFNetwork.framework */; };
		C02F5E46165ABEEA00D74298 /* SystemConfiguration.framework in Frameworks */ = {isa = PBXBuildFile; fileRef = C02F5E45165ABEEA00D74298 /* SystemConfiguration.framework */; };
		C02F5E47165AC03E00D74298 /* Security.framework in Frameworks */ = {isa = PBXBuildFile; fileRef = C02F5E41165ABED700D74298 /* Security.framework */; };
		C02F5E48165AC05A00D74298 /* CFNetwork.framework in Frameworks */ = {isa = PBXBuildFile; fileRef = C02F5E43165ABEE100D74298 /* CFNetwork.framework */; };
		C02F5E49165AC07800D74298 /* SystemConfiguration.framework in Frameworks */ = {isa = PBXBuildFile; fileRef = C02F5E45165ABEEA00D74298 /* SystemConfiguration.framework */; };
		C02F5E4C165AC3C600D74298 /* TRNetworkService.m in Sources */ = {isa = PBXBuildFile; fileRef = C02F5E4B165AC3C600D74298 /* TRNetworkService.m */; };
		C02F5E4D165AC3C600D74298 /* TRNetworkService.m in Sources */ = {isa = PBXBuildFile; fileRef = C02F5E4B165AC3C600D74298 /* TRNetworkService.m */; };
/* End PBXBuildFile section */

/* Begin PBXContainerItemProxy section */
		C02F5DF6165ABD5300D74298 /* PBXContainerItemProxy */ = {
			isa = PBXContainerItemProxy;
			containerPortal = C02F5DC1165ABD5300D74298 /* Project object */;
			proxyType = 1;
			remoteGlobalIDString = C02F5DC9165ABD5300D74298;
			remoteInfo = TRUnitTestDemo;
		};
/* End PBXContainerItemProxy section */

/* Begin PBXFileReference section */
		C02861F016696BB0005BA72D /* ProtocolTests.h */ = {isa = PBXFileReference; fileEncoding = 4; lastKnownFileType = sourcecode.c.h; path = ProtocolTests.h; sourceTree = "<group>"; };
		C02861F116696BB0005BA72D /* ProtocolTests.m */ = {isa = PBXFileReference; fileEncoding = 4; lastKnownFileType = sourcecode.c.objc; path = ProtocolTests.m; sourceTree = "<group>"; };
		C02861F416696CF8005BA72D /* CapitalizedTranslateService.h */ = {isa = PBXFileReference; fileEncoding = 4; lastKnownFileType = sourcecode.c.h; path = CapitalizedTranslateService.h; sourceTree = "<group>"; };
		C02861F516696CF8005BA72D /* CapitalizedTranslateService.m */ = {isa = PBXFileReference; fileEncoding = 4; lastKnownFileType = sourcecode.c.objc; path = CapitalizedTranslateService.m; sourceTree = "<group>"; };
		C02861F816696E17005BA72D /* LowcaseTranslateService.h */ = {isa = PBXFileReference; fileEncoding = 4; lastKnownFileType = sourcecode.c.h; path = LowcaseTranslateService.h; sourceTree = "<group>"; };
		C02861F916696E17005BA72D /* LowcaseTranslateService.m */ = {isa = PBXFileReference; fileEncoding = 4; lastKnownFileType = sourcecode.c.objc; path = LowcaseTranslateService.m; sourceTree = "<group>"; };
		C02861FC16696E43005BA72D /* TranslateProtocol.h */ = {isa = PBXFileReference; fileEncoding = 4; lastKnownFileType = sourcecode.c.h; path = TranslateProtocol.h; sourceTree = "<group>"; };
		C02861FD16696EB7005BA72D /* TranslateServiceTests.h */ = {isa = PBXFileReference; fileEncoding = 4; lastKnownFileType = sourcecode.c.h; path = TranslateServiceTests.h; sourceTree = "<group>"; };
		C02861FE16696EB7005BA72D /* TranslateServiceTests.m */ = {isa = PBXFileReference; fileEncoding = 4; lastKnownFileType = sourcecode.c.objc; path = TranslateServiceTests.m; sourceTree = "<group>"; };
		C02BCE4916654DD400CEFA4C /* TRWeeklyAdsParser.h */ = {isa = PBXFileReference; fileEncoding = 4; lastKnownFileType = sourcecode.c.h; path = TRWeeklyAdsParser.h; sourceTree = "<group>"; };
		C02BCE4A16654DD400CEFA4C /* TRWeeklyAdsParser.m */ = {isa = PBXFileReference; fileEncoding = 4; lastKnownFileType = sourcecode.c.objc; path = TRWeeklyAdsParser.m; sourceTree = "<group>"; };
		C02BCE4D16654E0C00CEFA4C /* TROffer.h */ = {isa = PBXFileReference; fileEncoding = 4; lastKnownFileType = sourcecode.c.h; path = TROffer.h; sourceTree = "<group>"; };
		C02BCE4E16654E0C00CEFA4C /* TROffer.m */ = {isa = PBXFileReference; fileEncoding = 4; lastKnownFileType = sourcecode.c.objc; path = TROffer.m; sourceTree = "<group>"; };
		C02BCE511665513500CEFA4C /* TRService.h */ = {isa = PBXFileReference; fileEncoding = 4; lastKnownFileType = sourcecode.c.h; path = TRService.h; sourceTree = "<group>"; };
		C02BCE521665513500CEFA4C /* TRService.m */ = {isa = PBXFileReference; fileEncoding = 4; lastKnownFileType = sourcecode.c.objc; path = TRService.m; sourceTree = "<group>"; };
		C02F5DCA165ABD5300D74298 /* TRUnitTestDemo.app */ = {isa = PBXFileReference; explicitFileType = wrapper.application; includeInIndex = 0; path = TRUnitTestDemo.app; sourceTree = BUILT_PRODUCTS_DIR; };
		C02F5DCE165ABD5300D74298 /* UIKit.framework */ = {isa = PBXFileReference; lastKnownFileType = wrapper.framework; name = UIKit.framework; path = System/Library/Frameworks/UIKit.framework; sourceTree = SDKROOT; };
		C02F5DD0165ABD5300D74298 /* Foundation.framework */ = {isa = PBXFileReference; lastKnownFileType = wrapper.framework; name = Foundation.framework; path = System/Library/Frameworks/Foundation.framework; sourceTree = SDKROOT; };
		C02F5DD2165ABD5300D74298 /* CoreGraphics.framework */ = {isa = PBXFileReference; lastKnownFileType = wrapper.framework; name = CoreGraphics.framework; path = System/Library/Frameworks/CoreGraphics.framework; sourceTree = SDKROOT; };
		C02F5DD6165ABD5300D74298 /* TRUnitTestDemo-Info.plist */ = {isa = PBXFileReference; lastKnownFileType = text.plist.xml; path = "TRUnitTestDemo-Info.plist"; sourceTree = "<group>"; };
		C02F5DD8165ABD5300D74298 /* en */ = {isa = PBXFileReference; lastKnownFileType = text.plist.strings; name = en; path = en.lproj/InfoPlist.strings; sourceTree = "<group>"; };
		C02F5DDA165ABD5300D74298 /* main.m */ = {isa = PBXFileReference; lastKnownFileType = sourcecode.c.objc; path = main.m; sourceTree = "<group>"; };
		C02F5DDC165ABD5300D74298 /* TRUnitTestDemo-Prefix.pch */ = {isa = PBXFileReference; lastKnownFileType = sourcecode.c.h; path = "TRUnitTestDemo-Prefix.pch"; sourceTree = "<group>"; };
		C02F5DDD165ABD5300D74298 /* TRAppDelegate.h */ = {isa = PBXFileReference; lastKnownFileType = sourcecode.c.h; path = TRAppDelegate.h; sourceTree = "<group>"; };
		C02F5DDE165ABD5300D74298 /* TRAppDelegate.m */ = {isa = PBXFileReference; lastKnownFileType = sourcecode.c.objc; path = TRAppDelegate.m; sourceTree = "<group>"; };
		C02F5DE0165ABD5300D74298 /* Default.png */ = {isa = PBXFileReference; lastKnownFileType = image.png; path = Default.png; sourceTree = "<group>"; };
		C02F5DE2165ABD5300D74298 /* Default@2x.png */ = {isa = PBXFileReference; lastKnownFileType = image.png; path = "Default@2x.png"; sourceTree = "<group>"; };
		C02F5DE4165ABD5300D74298 /* Default-568h@2x.png */ = {isa = PBXFileReference; lastKnownFileType = image.png; path = "Default-568h@2x.png"; sourceTree = "<group>"; };
		C02F5DE6165ABD5300D74298 /* TRViewController.h */ = {isa = PBXFileReference; lastKnownFileType = sourcecode.c.h; path = TRViewController.h; sourceTree = "<group>"; };
		C02F5DE7165ABD5300D74298 /* TRViewController.m */ = {isa = PBXFileReference; lastKnownFileType = sourcecode.c.objc; path = TRViewController.m; sourceTree = "<group>"; };
		C02F5DEA165ABD5300D74298 /* en */ = {isa = PBXFileReference; lastKnownFileType = file.xib; name = en; path = en.lproj/TRViewController.xib; sourceTree = "<group>"; };
		C02F5DF1165ABD5300D74298 /* TRUnitTestDemoTests.octest */ = {isa = PBXFileReference; explicitFileType = wrapper.cfbundle; includeInIndex = 0; path = TRUnitTestDemoTests.octest; sourceTree = BUILT_PRODUCTS_DIR; };
		C02F5DF2165ABD5300D74298 /* SenTestingKit.framework */ = {isa = PBXFileReference; lastKnownFileType = wrapper.framework; name = SenTestingKit.framework; path = Library/Frameworks/SenTestingKit.framework; sourceTree = DEVELOPER_DIR; };
		C02F5DFA165ABD5300D74298 /* TRUnitTestDemoTests-Info.plist */ = {isa = PBXFileReference; lastKnownFileType = text.plist.xml; path = "TRUnitTestDemoTests-Info.plist"; sourceTree = "<group>"; };
		C02F5DFC165ABD5300D74298 /* en */ = {isa = PBXFileReference; lastKnownFileType = text.plist.strings; name = en; path = en.lproj/InfoPlist.strings; sourceTree = "<group>"; };
		C02F5DFE165ABD5300D74298 /* TRUnitTestDemoTests.h */ = {isa = PBXFileReference; lastKnownFileType = sourcecode.c.h; path = TRUnitTestDemoTests.h; sourceTree = "<group>"; };
		C02F5DFF165ABD5300D74298 /* TRUnitTestDemoTests.m */ = {isa = PBXFileReference; lastKnownFileType = sourcecode.c.objc; path = TRUnitTestDemoTests.m; sourceTree = "<group>"; };
		C02F5E0A165ABDFF00D74298 /* README.md */ = {isa = PBXFileReference; fileEncoding = 4; lastKnownFileType = text; path = README.md; sourceTree = "<group>"; };
		C02F5E0B165ABDFF00D74298 /* RIButtonItem.h */ = {isa = PBXFileReference; fileEncoding = 4; lastKnownFileType = sourcecode.c.h; path = RIButtonItem.h; sourceTree = "<group>"; };
		C02F5E0C165ABDFF00D74298 /* RIButtonItem.m */ = {isa = PBXFileReference; fileEncoding = 4; lastKnownFileType = sourcecode.c.objc; path = RIButtonItem.m; sourceTree = "<group>"; };
		C02F5E0D165ABDFF00D74298 /* UIActionSheet+Blocks.h */ = {isa = PBXFileReference; fileEncoding = 4; lastKnownFileType = sourcecode.c.h; path = "UIActionSheet+Blocks.h"; sourceTree = "<group>"; };
		C02F5E0E165ABDFF00D74298 /* UIActionSheet+Blocks.m */ = {isa = PBXFileReference; fileEncoding = 4; lastKnownFileType = sourcecode.c.objc; path = "UIActionSheet+Blocks.m"; sourceTree = "<group>"; };
		C02F5E0F165ABDFF00D74298 /* UIAlertView+Blocks.h */ = {isa = PBXFileReference; fileEncoding = 4; lastKnownFileType = sourcecode.c.h; path = "UIAlertView+Blocks.h"; sourceTree = "<group>"; };
		C02F5E10165ABDFF00D74298 /* UIAlertView+Blocks.m */ = {isa = PBXFileReference; fileEncoding = 4; lastKnownFileType = sourcecode.c.objc; path = "UIAlertView+Blocks.m"; sourceTree = "<group>"; };
		C02F5E1D165ABE2500D74298 /* NSData+Base64.h */ = {isa = PBXFileReference; fileEncoding = 4; lastKnownFileType = sourcecode.c.h; path = "NSData+Base64.h"; sourceTree = "<group>"; };
		C02F5E1E165ABE2500D74298 /* NSData+Base64.m */ = {isa = PBXFileReference; fileEncoding = 4; lastKnownFileType = sourcecode.c.objc; path = "NSData+Base64.m"; sourceTree = "<group>"; };
		C02F5E1F165ABE2500D74298 /* NSDate+RFC1123.h */ = {isa = PBXFileReference; fileEncoding = 4; lastKnownFileType = sourcecode.c.h; path = "NSDate+RFC1123.h"; sourceTree = "<group>"; };
		C02F5E20165ABE2500D74298 /* NSDate+RFC1123.m */ = {isa = PBXFileReference; fileEncoding = 4; lastKnownFileType = sourcecode.c.objc; path = "NSDate+RFC1123.m"; sourceTree = "<group>"; };
		C02F5E21165ABE2500D74298 /* NSDictionary+RequestEncoding.h */ = {isa = PBXFileReference; fileEncoding = 4; lastKnownFileType = sourcecode.c.h; path = "NSDictionary+RequestEncoding.h"; sourceTree = "<group>"; };
		C02F5E22165ABE2500D74298 /* NSDictionary+RequestEncoding.m */ = {isa = PBXFileReference; fileEncoding = 4; lastKnownFileType = sourcecode.c.objc; path = "NSDictionary+RequestEncoding.m"; sourceTree = "<group>"; };
		C02F5E23165ABE2500D74298 /* NSString+MKNetworkKitAdditions.h */ = {isa = PBXFileReference; fileEncoding = 4; lastKnownFileType = sourcecode.c.h; path = "NSString+MKNetworkKitAdditions.h"; sourceTree = "<group>"; };
		C02F5E24165ABE2500D74298 /* NSString+MKNetworkKitAdditions.m */ = {isa = PBXFileReference; fileEncoding = 4; lastKnownFileType = sourcecode.c.objc; path = "NSString+MKNetworkKitAdditions.m"; sourceTree = "<group>"; };
		C02F5E25165ABE2500D74298 /* UIAlertView+MKNetworkKitAdditions.h */ = {isa = PBXFileReference; fileEncoding = 4; lastKnownFileType = sourcecode.c.h; path = "UIAlertView+MKNetworkKitAdditions.h"; sourceTree = "<group>"; };
		C02F5E26165ABE2500D74298 /* UIAlertView+MKNetworkKitAdditions.m */ = {isa = PBXFileReference; fileEncoding = 4; lastKnownFileType = sourcecode.c.objc; path = "UIAlertView+MKNetworkKitAdditions.m"; sourceTree = "<group>"; };
		C02F5E27165ABE2500D74298 /* MKNetworkEngine.h */ = {isa = PBXFileReference; fileEncoding = 4; lastKnownFileType = sourcecode.c.h; path = MKNetworkEngine.h; sourceTree = "<group>"; };
		C02F5E28165ABE2500D74298 /* MKNetworkEngine.m */ = {isa = PBXFileReference; fileEncoding = 4; lastKnownFileType = sourcecode.c.objc; path = MKNetworkEngine.m; sourceTree = "<group>"; };
		C02F5E29165ABE2500D74298 /* MKNetworkKit.h */ = {isa = PBXFileReference; fileEncoding = 4; lastKnownFileType = sourcecode.c.h; path = MKNetworkKit.h; sourceTree = "<group>"; };
		C02F5E2A165ABE2500D74298 /* MKNetworkOperation.h */ = {isa = PBXFileReference; fileEncoding = 4; lastKnownFileType = sourcecode.c.h; path = MKNetworkOperation.h; sourceTree = "<group>"; };
		C02F5E2B165ABE2500D74298 /* MKNetworkOperation.m */ = {isa = PBXFileReference; fileEncoding = 4; lastKnownFileType = sourcecode.c.objc; path = MKNetworkOperation.m; sourceTree = "<group>"; };
		C02F5E2D165ABE2500D74298 /* Reachability.h */ = {isa = PBXFileReference; fileEncoding = 4; lastKnownFileType = sourcecode.c.h; path = Reachability.h; sourceTree = "<group>"; };
		C02F5E2E165ABE2500D74298 /* Reachability.m */ = {isa = PBXFileReference; fileEncoding = 4; lastKnownFileType = sourcecode.c.objc; path = Reachability.m; sourceTree = "<group>"; };
		C02F5E41165ABED700D74298 /* Security.framework */ = {isa = PBXFileReference; lastKnownFileType = wrapper.framework; name = Security.framework; path = System/Library/Frameworks/Security.framework; sourceTree = SDKROOT; };
		C02F5E43165ABEE100D74298 /* CFNetwork.framework */ = {isa = PBXFileReference; lastKnownFileType = wrapper.framework; name = CFNetwork.framework; path = System/Library/Frameworks/CFNetwork.framework; sourceTree = SDKROOT; };
		C02F5E45165ABEEA00D74298 /* SystemConfiguration.framework */ = {isa = PBXFileReference; lastKnownFileType = wrapper.framework; name = SystemConfiguration.framework; path = System/Library/Frameworks/SystemConfiguration.framework; sourceTree = SDKROOT; };
		C02F5E4A165AC3C600D74298 /* TRNetworkService.h */ = {isa = PBXFileReference; fileEncoding = 4; lastKnownFileType = sourcecode.c.h; path = TRNetworkService.h; sourceTree = "<group>"; };
		C02F5E4B165AC3C600D74298 /* TRNetworkService.m */ = {isa = PBXFileReference; fileEncoding = 4; lastKnownFileType = sourcecode.c.objc; path = TRNetworkService.m; sourceTree = "<group>"; };
/* End PBXFileReference section */

/* Begin PBXFrameworksBuildPhase section */
		C02F5DC7165ABD5300D74298 /* Frameworks */ = {
			isa = PBXFrameworksBuildPhase;
			buildActionMask = 2147483647;
			files = (
				C02F5E46165ABEEA00D74298 /* SystemConfiguration.framework in Frameworks */,
				C02F5E44165ABEE100D74298 /* CFNetwork.framework in Frameworks */,
				C02F5E42165ABED700D74298 /* Security.framework in Frameworks */,
				C02F5DCF165ABD5300D74298 /* UIKit.framework in Frameworks */,
				C02F5DD1165ABD5300D74298 /* Foundation.framework in Frameworks */,
				C02F5DD3165ABD5300D74298 /* CoreGraphics.framework in Frameworks */,
			);
			runOnlyForDeploymentPostprocessing = 0;
		};
		C02F5DED165ABD5300D74298 /* Frameworks */ = {
			isa = PBXFrameworksBuildPhase;
			buildActionMask = 2147483647;
			files = (
				C02F5E49165AC07800D74298 /* SystemConfiguration.framework in Frameworks */,
				C02F5E48165AC05A00D74298 /* CFNetwork.framework in Frameworks */,
				C02F5E47165AC03E00D74298 /* Security.framework in Frameworks */,
				C02F5DF3165ABD5300D74298 /* SenTestingKit.framework in Frameworks */,
				C02F5DF4165ABD5300D74298 /* UIKit.framework in Frameworks */,
				C02F5DF5165ABD5300D74298 /* Foundation.framework in Frameworks */,
			);
			runOnlyForDeploymentPostprocessing = 0;
		};
/* End PBXFrameworksBuildPhase section */

/* Begin PBXGroup section */
		C02F5DBF165ABD5300D74298 = {
			isa = PBXGroup;
			children = (
				C02F5DD4165ABD5300D74298 /* TRUnitTestDemo */,
				C02F5DF8165ABD5300D74298 /* TRUnitTestDemoTests */,
				C02F5DCD165ABD5300D74298 /* Frameworks */,
				C02F5DCB165ABD5300D74298 /* Products */,
			);
			sourceTree = "<group>";
		};
		C02F5DCB165ABD5300D74298 /* Products */ = {
			isa = PBXGroup;
			children = (
				C02F5DCA165ABD5300D74298 /* TRUnitTestDemo.app */,
				C02F5DF1165ABD5300D74298 /* TRUnitTestDemoTests.octest */,
			);
			name = Products;
			sourceTree = "<group>";
		};
		C02F5DCD165ABD5300D74298 /* Frameworks */ = {
			isa = PBXGroup;
			children = (
				C02F5E45165ABEEA00D74298 /* SystemConfiguration.framework */,
				C02F5E43165ABEE100D74298 /* CFNetwork.framework */,
				C02F5E41165ABED700D74298 /* Security.framework */,
				C02F5DCE165ABD5300D74298 /* UIKit.framework */,
				C02F5DD0165ABD5300D74298 /* Foundation.framework */,
				C02F5DD2165ABD5300D74298 /* CoreGraphics.framework */,
				C02F5DF2165ABD5300D74298 /* SenTestingKit.framework */,
			);
			name = Frameworks;
			sourceTree = "<group>";
		};
		C02F5DD4165ABD5300D74298 /* TRUnitTestDemo */ = {
			isa = PBXGroup;
			children = (
				C02F5E19165ABE2500D74298 /* MKNetworkKit */,
				C02F5E09165ABDFF00D74298 /* UIAlertView-Blocks */,
				C02F5DDD165ABD5300D74298 /* TRAppDelegate.h */,
				C02F5DDE165ABD5300D74298 /* TRAppDelegate.m */,
				C02861FC16696E43005BA72D /* TranslateProtocol.h */,
				C02861F416696CF8005BA72D /* CapitalizedTranslateService.h */,
				C02861F516696CF8005BA72D /* CapitalizedTranslateService.m */,
				C02861F816696E17005BA72D /* LowcaseTranslateService.h */,
				C02861F916696E17005BA72D /* LowcaseTranslateService.m */,
				C02BCE511665513500CEFA4C /* TRService.h */,
				C02BCE521665513500CEFA4C /* TRService.m */,
				C02BCE4D16654E0C00CEFA4C /* TROffer.h */,
				C02BCE4E16654E0C00CEFA4C /* TROffer.m */,
				C02F5DE6165ABD5300D74298 /* TRViewController.h */,
				C02F5DE7165ABD5300D74298 /* TRViewController.m */,
				C02F5DE9165ABD5300D74298 /* TRViewController.xib */,
				C02F5E4A165AC3C600D74298 /* TRNetworkService.h */,
				C02F5E4B165AC3C600D74298 /* TRNetworkService.m */,
				C02BCE4916654DD400CEFA4C /* TRWeeklyAdsParser.h */,
				C02BCE4A16654DD400CEFA4C /* TRWeeklyAdsParser.m */,
				C02F5DD5165ABD5300D74298 /* Supporting Files */,
			);
			path = TRUnitTestDemo;
			sourceTree = "<group>";
		};
		C02F5DD5165ABD5300D74298 /* Supporting Files */ = {
			isa = PBXGroup;
			children = (
				C02F5DD6165ABD5300D74298 /* TRUnitTestDemo-Info.plist */,
				C02F5DD7165ABD5300D74298 /* InfoPlist.strings */,
				C02F5DDA165ABD5300D74298 /* main.m */,
				C02F5DDC165ABD5300D74298 /* TRUnitTestDemo-Prefix.pch */,
				C02F5DE0165ABD5300D74298 /* Default.png */,
				C02F5DE2165ABD5300D74298 /* Default@2x.png */,
				C02F5DE4165ABD5300D74298 /* Default-568h@2x.png */,
			);
			name = "Supporting Files";
			sourceTree = "<group>";
		};
		C02F5DF8165ABD5300D74298 /* TRUnitTestDemoTests */ = {
			isa = PBXGroup;
			children = (
				C02861F016696BB0005BA72D /* ProtocolTests.h */,
				C02861F116696BB0005BA72D /* ProtocolTests.m */,
				C02861FD16696EB7005BA72D /* TranslateServiceTests.h */,
				C02861FE16696EB7005BA72D /* TranslateServiceTests.m */,
				C02F5DFE165ABD5300D74298 /* TRUnitTestDemoTests.h */,
				C02F5DFF165ABD5300D74298 /* TRUnitTestDemoTests.m */,
				C02F5DF9165ABD5300D74298 /* Supporting Files */,
			);
			path = TRUnitTestDemoTests;
			sourceTree = "<group>";
		};
		C02F5DF9165ABD5300D74298 /* Supporting Files */ = {
			isa = PBXGroup;
			children = (
				C02F5DFA165ABD5300D74298 /* TRUnitTestDemoTests-Info.plist */,
				C02F5DFB165ABD5300D74298 /* InfoPlist.strings */,
			);
			name = "Supporting Files";
			sourceTree = "<group>";
		};
		C02F5E09165ABDFF00D74298 /* UIAlertView-Blocks */ = {
			isa = PBXGroup;
			children = (
				C02F5E0A165ABDFF00D74298 /* README.md */,
				C02F5E0B165ABDFF00D74298 /* RIButtonItem.h */,
				C02F5E0C165ABDFF00D74298 /* RIButtonItem.m */,
				C02F5E0D165ABDFF00D74298 /* UIActionSheet+Blocks.h */,
				C02F5E0E165ABDFF00D74298 /* UIActionSheet+Blocks.m */,
				C02F5E0F165ABDFF00D74298 /* UIAlertView+Blocks.h */,
				C02F5E10165ABDFF00D74298 /* UIAlertView+Blocks.m */,
			);
			path = "UIAlertView-Blocks";
			sourceTree = "<group>";
		};
		C02F5E19165ABE2500D74298 /* MKNetworkKit */ = {
			isa = PBXGroup;
			children = (
				C02F5E1A165ABE2500D74298 /* Categories */,
				C02F5E27165ABE2500D74298 /* MKNetworkEngine.h */,
				C02F5E28165ABE2500D74298 /* MKNetworkEngine.m */,
				C02F5E29165ABE2500D74298 /* MKNetworkKit.h */,
				C02F5E2A165ABE2500D74298 /* MKNetworkOperation.h */,
				C02F5E2B165ABE2500D74298 /* MKNetworkOperation.m */,
				C02F5E2C165ABE2500D74298 /* Reachability */,
			);
			path = MKNetworkKit;
			sourceTree = "<group>";
		};
		C02F5E1A165ABE2500D74298 /* Categories */ = {
			isa = PBXGroup;
			children = (
				C02F5E1D165ABE2500D74298 /* NSData+Base64.h */,
				C02F5E1E165ABE2500D74298 /* NSData+Base64.m */,
				C02F5E1F165ABE2500D74298 /* NSDate+RFC1123.h */,
				C02F5E20165ABE2500D74298 /* NSDate+RFC1123.m */,
				C02F5E21165ABE2500D74298 /* NSDictionary+RequestEncoding.h */,
				C02F5E22165ABE2500D74298 /* NSDictionary+RequestEncoding.m */,
				C02F5E23165ABE2500D74298 /* NSString+MKNetworkKitAdditions.h */,
				C02F5E24165ABE2500D74298 /* NSString+MKNetworkKitAdditions.m */,
				C02F5E25165ABE2500D74298 /* UIAlertView+MKNetworkKitAdditions.h */,
				C02F5E26165ABE2500D74298 /* UIAlertView+MKNetworkKitAdditions.m */,
			);
			path = Categories;
			sourceTree = "<group>";
		};
		C02F5E2C165ABE2500D74298 /* Reachability */ = {
			isa = PBXGroup;
			children = (
				C02F5E2D165ABE2500D74298 /* Reachability.h */,
				C02F5E2E165ABE2500D74298 /* Reachability.m */,
			);
			path = Reachability;
			sourceTree = "<group>";
		};
/* End PBXGroup section */

/* Begin PBXNativeTarget section */
		C02F5DC9165ABD5300D74298 /* TRUnitTestDemo */ = {
			isa = PBXNativeTarget;
			buildConfigurationList = C02F5E03165ABD5300D74298 /* Build configuration list for PBXNativeTarget "TRUnitTestDemo" */;
			buildPhases = (
				C02F5DC6165ABD5300D74298 /* Sources */,
				C02F5DC7165ABD5300D74298 /* Frameworks */,
				C02F5DC8165ABD5300D74298 /* Resources */,
			);
			buildRules = (
			);
			dependencies = (
			);
			name = TRUnitTestDemo;
			productName = TRUnitTestDemo;
			productReference = C02F5DCA165ABD5300D74298 /* TRUnitTestDemo.app */;
			productType = "com.apple.product-type.application";
		};
		C02F5DF0165ABD5300D74298 /* TRUnitTestDemoTests */ = {
			isa = PBXNativeTarget;
			buildConfigurationList = C02F5E06165ABD5300D74298 /* Build configuration list for PBXNativeTarget "TRUnitTestDemoTests" */;
			buildPhases = (
				C02F5DEC165ABD5300D74298 /* Sources */,
				C02F5DED165ABD5300D74298 /* Frameworks */,
				C02F5DEE165ABD5300D74298 /* Resources */,
				C02F5DEF165ABD5300D74298 /* ShellScript */,
			);
			buildRules = (
			);
			dependencies = (
				C02F5DF7165ABD5300D74298 /* PBXTargetDependency */,
			);
			name = TRUnitTestDemoTests;
			productName = TRUnitTestDemoTests;
			productReference = C02F5DF1165ABD5300D74298 /* TRUnitTestDemoTests.octest */;
			productType = "com.apple.product-type.bundle";
		};
/* End PBXNativeTarget section */

/* Begin PBXProject section */
		C02F5DC1165ABD5300D74298 /* Project object */ = {
			isa = PBXProject;
			attributes = {
				CLASSPREFIX = TR;
				LastUpgradeCheck = 0450;
				ORGANIZATIONNAME = "Tao Xie";
			};
			buildConfigurationList = C02F5DC4165ABD5300D74298 /* Build configuration list for PBXProject "TRUnitTestDemo" */;
			compatibilityVersion = "Xcode 3.2";
			developmentRegion = English;
			hasScannedForEncodings = 0;
			knownRegions = (
				en,
			);
			mainGroup = C02F5DBF165ABD5300D74298;
			productRefGroup = C02F5DCB165ABD5300D74298 /* Products */;
			projectDirPath = "";
			projectRoot = "";
			targets = (
				C02F5DC9165ABD5300D74298 /* TRUnitTestDemo */,
				C02F5DF0165ABD5300D74298 /* TRUnitTestDemoTests */,
			);
		};
/* End PBXProject section */

/* Begin PBXResourcesBuildPhase section */
		C02F5DC8165ABD5300D74298 /* Resources */ = {
			isa = PBXResourcesBuildPhase;
			buildActionMask = 2147483647;
			files = (
				C02F5DD9165ABD5300D74298 /* InfoPlist.strings in Resources */,
				C02F5DE1165ABD5300D74298 /* Default.png in Resources */,
				C02F5DE3165ABD5300D74298 /* Default@2x.png in Resources */,
				C02F5DE5165ABD5300D74298 /* Default-568h@2x.png in Resources */,
				C02F5DEB165ABD5300D74298 /* TRViewController.xib in Resources */,
				C02F5E11165ABDFF00D74298 /* README.md in Resources */,
			);
			runOnlyForDeploymentPostprocessing = 0;
		};
		C02F5DEE165ABD5300D74298 /* Resources */ = {
			isa = PBXResourcesBuildPhase;
			buildActionMask = 2147483647;
			files = (
				C02F5DFD165ABD5300D74298 /* InfoPlist.strings in Resources */,
				C02F5E12165ABDFF00D74298 /* README.md in Resources */,
			);
			runOnlyForDeploymentPostprocessing = 0;
		};
/* End PBXResourcesBuildPhase section */

/* Begin PBXShellScriptBuildPhase section */
		C02F5DEF165ABD5300D74298 /* ShellScript */ = {
			isa = PBXShellScriptBuildPhase;
			buildActionMask = 2147483647;
			files = (
			);
			inputPaths = (
			);
			outputPaths = (
			);
			runOnlyForDeploymentPostprocessing = 0;
			shellPath = /bin/sh;
			shellScript = "# Run the unit tests in this test bundle.\n\"${SYSTEM_DEVELOPER_DIR}/Tools/RunUnitTests\"\n";
		};
/* End PBXShellScriptBuildPhase section */

/* Begin PBXSourcesBuildPhase section */
		C02F5DC6165ABD5300D74298 /* Sources */ = {
			isa = PBXSourcesBuildPhase;
			buildActionMask = 2147483647;
			files = (
				C02F5DDB165ABD5300D74298 /* main.m in Sources */,
				C02F5DDF165ABD5300D74298 /* TRAppDelegate.m in Sources */,
				C02F5DE8165ABD5300D74298 /* TRViewController.m in Sources */,
				C02F5E13165ABDFF00D74298 /* RIButtonItem.m in Sources */,
				C02F5E15165ABDFF00D74298 /* UIActionSheet+Blocks.m in Sources */,
				C02F5E17165ABDFF00D74298 /* UIAlertView+Blocks.m in Sources */,
				C02F5E31165ABE2500D74298 /* NSData+Base64.m in Sources */,
				C02F5E33165ABE2500D74298 /* NSDate+RFC1123.m in Sources */,
				C02F5E35165ABE2500D74298 /* NSDictionary+RequestEncoding.m in Sources */,
				C02F5E37165ABE2500D74298 /* NSString+MKNetworkKitAdditions.m in Sources */,
				C02F5E39165ABE2500D74298 /* UIAlertView+MKNetworkKitAdditions.m in Sources */,
				C02F5E3B165ABE2500D74298 /* MKNetworkEngine.m in Sources */,
				C02F5E3D165ABE2500D74298 /* MKNetworkOperation.m in Sources */,
				C02F5E3F165ABE2500D74298 /* Reachability.m in Sources */,
				C02F5E4C165AC3C600D74298 /* TRNetworkService.m in Sources */,
				C02BCE4B16654DD400CEFA4C /* TRWeeklyAdsParser.m in Sources */,
				C02BCE4F16654E0C00CEFA4C /* TROffer.m in Sources */,
				C02BCE531665513500CEFA4C /* TRService.m in Sources */,
				C02861F616696CF8005BA72D /* CapitalizedTranslateService.m in Sources */,
				C02861FA16696E17005BA72D /* LowcaseTranslateService.m in Sources */,
			);
			runOnlyForDeploymentPostprocessing = 0;
		};
		C02F5DEC165ABD5300D74298 /* Sources */ = {
			isa = PBXSourcesBuildPhase;
			buildActionMask = 2147483647;
			files = (
				C02F5E00165ABD5300D74298 /* TRUnitTestDemoTests.m in Sources */,
				C02F5E14165ABDFF00D74298 /* RIButtonItem.m in Sources */,
				C02F5E16165ABDFF00D74298 /* UIActionSheet+Blocks.m in Sources */,
				C02F5E18165ABDFF00D74298 /* UIAlertView+Blocks.m in Sources */,
				C02F5E32165ABE2500D74298 /* NSData+Base64.m in Sources */,
				C02F5E34165ABE2500D74298 /* NSDate+RFC1123.m in Sources */,
				C02F5E36165ABE2500D74298 /* NSDictionary+RequestEncoding.m in Sources */,
				C02F5E38165ABE2500D74298 /* NSString+MKNetworkKitAdditions.m in Sources */,
				C02F5E3A165ABE2500D74298 /* UIAlertView+MKNetworkKitAdditions.m in Sources */,
				C02F5E3C165ABE2500D74298 /* MKNetworkEngine.m in Sources */,
				C02F5E3E165ABE2500D74298 /* MKNetworkOperation.m in Sources */,
				C02F5E40165ABE2500D74298 /* Reachability.m in Sources */,
				C02F5E4D165AC3C600D74298 /* TRNetworkService.m in Sources */,
				C02BCE4C16654DD400CEFA4C /* TRWeeklyAdsParser.m in Sources */,
				C02BCE5016654E0C00CEFA4C /* TROffer.m in Sources */,
				C02BCE541665513500CEFA4C /* TRService.m in Sources */,
				C02861F216696BB0005BA72D /* ProtocolTests.m in Sources */,
				C02861F716696CF8005BA72D /* CapitalizedTranslateService.m in Sources */,
				C02861FB16696E17005BA72D /* LowcaseTranslateService.m in Sources */,
				C02861FF16696EB7005BA72D /* TranslateServiceTests.m in Sources */,
			);
			runOnlyForDeploymentPostprocessing = 0;
		};
/* End PBXSourcesBuildPhase section */

/* Begin PBXTargetDependency section */
		C02F5DF7165ABD5300D74298 /* PBXTargetDependency */ = {
			isa = PBXTargetDependency;
			target = C02F5DC9165ABD5300D74298 /* TRUnitTestDemo */;
			targetProxy = C02F5DF6165ABD5300D74298 /* PBXContainerItemProxy */;
		};
/* End PBXTargetDependency section */

/* Begin PBXVariantGroup section */
		C02F5DD7165ABD5300D74298 /* InfoPlist.strings */ = {
			isa = PBXVariantGroup;
			children = (
				C02F5DD8165ABD5300D74298 /* en */,
			);
			name = InfoPlist.strings;
			sourceTree = "<group>";
		};
		C02F5DE9165ABD5300D74298 /* TRViewController.xib */ = {
			isa = PBXVariantGroup;
			children = (
				C02F5DEA165ABD5300D74298 /* en */,
			);
			name = TRViewController.xib;
			sourceTree = "<group>";
		};
		C02F5DFB165ABD5300D74298 /* InfoPlist.strings */ = {
			isa = PBXVariantGroup;
			children = (
				C02F5DFC165ABD5300D74298 /* en */,
			);
			name = InfoPlist.strings;
			sourceTree = "<group>";
		};
/* End PBXVariantGroup section */

/* Begin XCBuildConfiguration section */
		C02F5E01165ABD5300D74298 /* Debug */ = {
			isa = XCBuildConfiguration;
			buildSettings = {
				ALWAYS_SEARCH_USER_PATHS = NO;
				CLANG_CXX_LANGUAGE_STANDARD = "gnu++0x";
				CLANG_CXX_LIBRARY = "libc++";
				CLANG_ENABLE_OBJC_ARC = YES;
				CLANG_WARN_EMPTY_BODY = YES;
				CLANG_WARN__DUPLICATE_METHOD_MATCH = YES;
				CODE_SIGN_IDENTITY = "iPhone Developer: Liang Zhang (8369X2TA6Y)";
				"CODE_SIGN_IDENTITY[sdk=iphoneos*]" = "iPhone Developer: Liang Zhang (8369X2TA6Y)";
				COPY_PHASE_STRIP = NO;
				GCC_C_LANGUAGE_STANDARD = gnu99;
				GCC_DYNAMIC_NO_PIC = NO;
				GCC_OPTIMIZATION_LEVEL = 0;
				GCC_PREPROCESSOR_DEFINITIONS = (
					"$(inherited)",
					"DEBUG=1",
				);
				GCC_SYMBOLS_PRIVATE_EXTERN = NO;
				GCC_WARN_ABOUT_RETURN_TYPE = YES;
				GCC_WARN_UNINITIALIZED_AUTOS = YES;
				GCC_WARN_UNUSED_VARIABLE = YES;
				IPHONEOS_DEPLOYMENT_TARGET = 5.1;
				PROVISIONING_PROFILE = "12CE9A72-79A5-4114-A39F-5FDC651A2658";
				"PROVISIONING_PROFILE[sdk=iphoneos*]" = "12CE9A72-79A5-4114-A39F-5FDC651A2658";
				SDKROOT = iphoneos;
			};
			name = Debug;
		};
		C02F5E02165ABD5300D74298 /* Release */ = {
			isa = XCBuildConfiguration;
			buildSettings = {
				ALWAYS_SEARCH_USER_PATHS = NO;
				CLANG_CXX_LANGUAGE_STANDARD = "gnu++0x";
				CLANG_CXX_LIBRARY = "libc++";
				CLANG_ENABLE_OBJC_ARC = YES;
				CLANG_WARN_EMPTY_BODY = YES;
				CLANG_WARN__DUPLICATE_METHOD_MATCH = YES;
				"CODE_SIGN_IDENTITY[sdk=iphoneos*]" = "iPhone Developer";
				COPY_PHASE_STRIP = YES;
				GCC_C_LANGUAGE_STANDARD = gnu99;
				GCC_WARN_ABOUT_RETURN_TYPE = YES;
				GCC_WARN_UNINITIALIZED_AUTOS = YES;
				GCC_WARN_UNUSED_VARIABLE = YES;
				IPHONEOS_DEPLOYMENT_TARGET = 5.1;
				OTHER_CFLAGS = "-DNS_BLOCK_ASSERTIONS=1";
				SDKROOT = iphoneos;
				VALIDATE_PRODUCT = YES;
			};
			name = Release;
		};
		C02F5E04165ABD5300D74298 /* Debug */ = {
			isa = XCBuildConfiguration;
			buildSettings = {
				ARCHS = armv7;
				GCC_PRECOMPILE_PREFIX_HEADER = YES;
				GCC_PREFIX_HEADER = "TRUnitTestDemo/TRUnitTestDemo-Prefix.pch";
				INFOPLIST_FILE = "TRUnitTestDemo/TRUnitTestDemo-Info.plist";
				LIBRARY_SEARCH_PATHS = (
					"$(inherited)",
					"\"$(SRCROOT)\"",
				);
				PRODUCT_NAME = "$(TARGET_NAME)";
				VALID_ARCHS = armv7;
				WRAPPER_EXTENSION = app;
			};
			name = Debug;
		};
		C02F5E05165ABD5300D74298 /* Release */ = {
			isa = XCBuildConfiguration;
			buildSettings = {
				ARCHS = armv7;
				GCC_PRECOMPILE_PREFIX_HEADER = YES;
				GCC_PREFIX_HEADER = "TRUnitTestDemo/TRUnitTestDemo-Prefix.pch";
				INFOPLIST_FILE = "TRUnitTestDemo/TRUnitTestDemo-Info.plist";
				LIBRARY_SEARCH_PATHS = (
					"$(inherited)",
					"\"$(SRCROOT)\"",
				);
				PRODUCT_NAME = "$(TARGET_NAME)";
				VALID_ARCHS = armv7;
				WRAPPER_EXTENSION = app;
			};
			name = Release;
		};
		C02F5E07165ABD5300D74298 /* Debug */ = {
			isa = XCBuildConfiguration;
			buildSettings = {
				ARCHS = armv7;
				BUNDLE_LOADER = "$(BUILT_PRODUCTS_DIR)/TRUnitTestDemo.app/TRUnitTestDemo";
				FRAMEWORK_SEARCH_PATHS = (
					"\"$(SDKROOT)/Developer/Library/Frameworks\"",
					"\"$(DEVELOPER_LIBRARY_DIR)/Frameworks\"",
				);
				GCC_PRECOMPILE_PREFIX_HEADER = YES;
				GCC_PREFIX_HEADER = "TRUnitTestDemo/TRUnitTestDemo-Prefix.pch";
				HEADER_SEARCH_PATHS = "\"$(SRCROOT)/usr/include\"";
				INFOPLIST_FILE = "TRUnitTestDemoTests/TRUnitTestDemoTests-Info.plist";
				LIBRARY_SEARCH_PATHS = (
					"$(inherited)",
					"\"$(SRCROOT)/usr/lib\"",
				);
				OTHER_LDFLAGS = (
					"-force_load",
					"\"$(SRCROOT)/usr/lib/libOCMock.a\"",
					"-ObjC",
				);
				PRODUCT_NAME = "$(TARGET_NAME)";
				TEST_HOST = "$(BUNDLE_LOADER)";
				USER_HEADER_SEARCH_PATHS = "";
				VALID_ARCHS = armv7;
				WRAPPER_EXTENSION = octest;
			};
			name = Debug;
		};
		C02F5E08165ABD5300D74298 /* Release */ = {
			isa = XCBuildConfiguration;
			buildSettings = {
				ARCHS = armv7;
				BUNDLE_LOADER = "$(BUILT_PRODUCTS_DIR)/TRUnitTestDemo.app/TRUnitTestDemo";
				FRAMEWORK_SEARCH_PATHS = (
					"\"$(SDKROOT)/Developer/Library/Frameworks\"",
					"\"$(DEVELOPER_LIBRARY_DIR)/Frameworks\"",
				);
				GCC_PRECOMPILE_PREFIX_HEADER = YES;
				GCC_PREFIX_HEADER = "TRUnitTestDemo/TRUnitTestDemo-Prefix.pch";
				HEADER_SEARCH_PATHS = "\"$(SRCROOT)/usr/include\"";
				INFOPLIST_FILE = "TRUnitTestDemoTests/TRUnitTestDemoTests-Info.plist";
				LIBRARY_SEARCH_PATHS = (
					"$(inherited)",
					"\"$(SRCROOT)/usr/lib\"",
				);
				OTHER_LDFLAGS = (
					"-force_load",
					"\"$(SRCROOT)/usr/lib/libOCMock.a\"",
					"-ObjC",
				);
				PRODUCT_NAME = "$(TARGET_NAME)";
				TEST_HOST = "$(BUNDLE_LOADER)";
				USER_HEADER_SEARCH_PATHS = "";
				VALID_ARCHS = armv7;
				WRAPPER_EXTENSION = octest;
			};
			name = Release;
		};
/* End XCBuildConfiguration section */

/* Begin XCConfigurationList section */
		C02F5DC4165ABD5300D74298 /* Build configuration list for PBXProject "TRUnitTestDemo" */ = {
			isa = XCConfigurationList;
			buildConfigurations = (
				C02F5E01165ABD5300D74298 /* Debug */,
				C02F5E02165ABD5300D74298 /* Release */,
			);
			defaultConfigurationIsVisible = 0;
			defaultConfigurationName = Release;
		};
		C02F5E03165ABD5300D74298 /* Build configuration list for PBXNativeTarget "TRUnitTestDemo" */ = {
			isa = XCConfigurationList;
			buildConfigurations = (
				C02F5E04165ABD5300D74298 /* Debug */,
				C02F5E05165ABD5300D74298 /* Release */,
			);
			defaultConfigurationIsVisible = 0;
			defaultConfigurationName = Release;
		};
		C02F5E06165ABD5300D74298 /* Build configuration list for PBXNativeTarget "TRUnitTestDemoTests" */ = {
			isa = XCConfigurationList;
			buildConfigurations = (
				C02F5E07165ABD5300D74298 /* Debug */,
				C02F5E08165ABD5300D74298 /* Release */,
			);
			defaultConfigurationIsVisible = 0;
			defaultConfigurationName = Release;
		};
/* End XCConfigurationList section */
	};
	rootObject = C02F5DC1165ABD5300D74298 /* Project object */;
}
